
Microsoft Visual Studio Solution File, Format Version 12.00
# Visual Studio Version 17
VisualStudioVersion = 17.0.31903.59
MinimumVisualStudioVersion = 10.0.40219.1
Project("{2150E333-8FDC-42A3-9474-1A3956D46DE8}") = "src", "src", "{827E0CD3-B72D-47B6-A68D-7590B98EB39B}"
EndProject
Project("{FAE04EC0-301F-11D3-BF4B-00C04F79EFBC}") = "TaqTask.Api", "src\TaqTask.Api\TaqTask.Api.csproj", "{7F0CACF2-F57E-42E4-8202-3282EBAC989B}"
EndProject
Project("{FAE04EC0-301F-11D3-BF4B-00C04F79EFBC}") = "TaqTask.Domain", "src\TaqTask.Domain\TaqTask.Domain.csproj", "{326E56EA-B833-41C7-8031-18538C2C5B33}"
EndProject
Project("{FAE04EC0-301F-11D3-BF4B-00C04F79EFBC}") = "TaqTask.Application", "src\TaqTask.Application\TaqTask.Application.csproj", "{AE1E2E02-8199-4C24-8993-A1F3180C6DBB}"
EndProject
Project("{FAE04EC0-301F-11D3-BF4B-00C04F79EFBC}") = "TaqTask.Infrastructure", "src\TaqTask.Infrastructure\TaqTask.Infrastructure.csproj", "{BF36349D-E777-400D-9B00-7621B280D1AE}"
EndProject
Global
	GlobalSection(SolutionConfigurationPlatforms) = preSolution
		Debug|Any CPU = Debug|Any CPU
		Debug|x64 = Debug|x64
		Debug|x86 = Debug|x86
		Release|Any CPU = Release|Any CPU
		Release|x64 = Release|x64
		Release|x86 = Release|x86
	EndGlobalSection
	GlobalSection(ProjectConfigurationPlatforms) = postSolution
		{7F0CACF2-F57E-42E4-8202-3282EBAC989B}.Debug|Any CPU.ActiveCfg = Debug|Any CPU
		{7F0CACF2-F57E-42E4-8202-3282EBAC989B}.Debug|Any CPU.Build.0 = Debug|Any CPU
		{7F0CACF2-F57E-42E4-8202-3282EBAC989B}.Debug|x64.ActiveCfg = Debug|Any CPU
		{7F0CACF2-F57E-42E4-8202-3282EBAC989B}.Debug|x64.Build.0 = Debug|Any CPU
		{7F0CACF2-F57E-42E4-8202-3282EBAC989B}.Debug|x86.ActiveCfg = Debug|Any CPU
		{7F0CACF2-F57E-42E4-8202-3282EBAC989B}.Debug|x86.Build.0 = Debug|Any CPU
		{7F0CACF2-F57E-42E4-8202-3282EBAC989B}.Release|Any CPU.ActiveCfg = Release|Any CPU
		{7F0CACF2-F57E-42E4-8202-3282EBAC989B}.Release|Any CPU.Build.0 = Release|Any CPU
		{7F0CACF2-F57E-42E4-8202-3282EBAC989B}.Release|x64.ActiveCfg = Release|Any CPU
		{7F0CACF2-F57E-42E4-8202-3282EBAC989B}.Release|x64.Build.0 = Release|Any CPU
		{7F0CACF2-F57E-42E4-8202-3282EBAC989B}.Release|x86.ActiveCfg = Release|Any CPU
		{7F0CACF2-F57E-42E4-8202-3282EBAC989B}.Release|x86.Build.0 = Release|Any CPU
		{326E56EA-B833-41C7-8031-18538C2C5B33}.Debug|Any CPU.ActiveCfg = Debug|Any CPU
		{326E56EA-B833-41C7-8031-18538C2C5B33}.Debug|Any CPU.Build.0 = Debug|Any CPU
		{326E56EA-B833-41C7-8031-18538C2C5B33}.Debug|x64.ActiveCfg = Debug|Any CPU
		{326E56EA-B833-41C7-8031-18538C2C5B33}.Debug|x64.Build.0 = Debug|Any CPU
		{326E56EA-B833-41C7-8031-18538C2C5B33}.Debug|x86.ActiveCfg = Debug|Any CPU
		{326E56EA-B833-41C7-8031-18538C2C5B33}.Debug|x86.Build.0 = Debug|Any CPU
		{326E56EA-B833-41C7-8031-18538C2C5B33}.Release|Any CPU.ActiveCfg = Release|Any CPU
		{326E56EA-B833-41C7-8031-18538C2C5B33}.Release|Any CPU.Build.0 = Release|Any CPU
		{326E56EA-B833-41C7-8031-18538C2C5B33}.Release|x64.ActiveCfg = Release|Any CPU
		{326E56EA-B833-41C7-8031-18538C2C5B33}.Release|x64.Build.0 = Release|Any CPU
		{326E56EA-B833-41C7-8031-18538C2C5B33}.Release|x86.ActiveCfg = Release|Any CPU
		{326E56EA-B833-41C7-8031-18538C2C5B33}.Release|x86.Build.0 = Release|Any CPU
		{AE1E2E02-8199-4C24-8993-A1F3180C6DBB}.Debug|Any CPU.ActiveCfg = Debug|Any CPU
		{AE1E2E02-8199-4C24-8993-A1F3180C6DBB}.Debug|Any CPU.Build.0 = Debug|Any CPU
		{AE1E2E02-8199-4C24-8993-A1F3180C6DBB}.Debug|x64.ActiveCfg = Debug|Any CPU
		{AE1E2E02-8199-4C24-8993-A1F3180C6DBB}.Debug|x64.Build.0 = Debug|Any CPU
		{AE1E2E02-8199-4C24-8993-A1F3180C6DBB}.Debug|x86.ActiveCfg = Debug|Any CPU
		{AE1E2E02-8199-4C24-8993-A1F3180C6DBB}.Debug|x86.Build.0 = Debug|Any CPU
		{AE1E2E02-8199-4C24-8993-A1F3180C6DBB}.Release|Any CPU.ActiveCfg = Release|Any CPU
		{AE1E2E02-8199-4C24-8993-A1F3180C6DBB}.Release|Any CPU.Build.0 = Release|Any CPU
		{AE1E2E02-8199-4C24-8993-A1F3180C6DBB}.Release|x64.ActiveCfg = Release|Any CPU
		{AE1E2E02-8199-4C24-8993-A1F3180C6DBB}.Release|x64.Build.0 = Release|Any CPU
		{AE1E2E02-8199-4C24-8993-A1F3180C6DBB}.Release|x86.ActiveCfg = Release|Any CPU
		{AE1E2E02-8199-4C24-8993-A1F3180C6DBB}.Release|x86.Build.0 = Release|Any CPU
		{BF36349D-E777-400D-9B00-7621B280D1AE}.Debug|Any CPU.ActiveCfg = Debug|Any CPU
		{BF36349D-E777-400D-9B00-7621B280D1AE}.Debug|Any CPU.Build.0 = Debug|Any CPU
		{BF36349D-E777-400D-9B00-7621B280D1AE}.Debug|x64.ActiveCfg = Debug|Any CPU
		{BF36349D-E777-400D-9B00-7621B280D1AE}.Debug|x64.Build.0 = Debug|Any CPU
		{BF36349D-E777-400D-9B00-7621B280D1AE}.Debug|x86.ActiveCfg = Debug|Any CPU
		{BF36349D-E777-400D-9B00-7621B280D1AE}.Debug|x86.Build.0 = Debug|Any CPU
		{BF36349D-E777-400D-9B00-7621B280D1AE}.Release|Any CPU.ActiveCfg = Release|Any CPU
		{BF36349D-E777-400D-9B00-7621B280D1AE}.Release|Any CPU.Build.0 = Release|Any CPU
		{BF36349D-E777-400D-9B00-7621B280D1AE}.Release|x64.ActiveCfg = Release|Any CPU
		{BF36349D-E777-400D-9B00-7621B280D1AE}.Release|x64.Build.0 = Release|Any CPU
		{BF36349D-E777-400D-9B00-7621B280D1AE}.Release|x86.ActiveCfg = Release|Any CPU
		{BF36349D-E777-400D-9B00-7621B280D1AE}.Release|x86.Build.0 = Release|Any CPU
	EndGlobalSection
	GlobalSection(SolutionProperties) = preSolution
		HideSolutionNode = FALSE
	EndGlobalSection
	GlobalSection(NestedProjects) = preSolution
		{7F0CACF2-F57E-42E4-8202-3282EBAC989B} = {827E0CD3-B72D-47B6-A68D-7590B98EB39B}
		{326E56EA-B833-41C7-8031-18538C2C5B33} = {827E0CD3-B72D-47B6-A68D-7590B98EB39B}
		{AE1E2E02-8199-4C24-8993-A1F3180C6DBB} = {827E0CD3-B72D-47B6-A68D-7590B98EB39B}
		{BF36349D-E777-400D-9B00-7621B280D1AE} = {827E0CD3-B72D-47B6-A68D-7590B98EB39B}
	EndGlobalSection
EndGlobal
